
Microsoft Visual Studio Solution File, Format Version 12.00
# Visual Studio Version 17
VisualStudioVersion = 17.5.2.0
MinimumVisualStudioVersion = 10.0.40219.1
Project("{FAE04EC0-301F-11D3-BF4B-00C04F79EFBC}") = "XrmGhost.Attributes", "XrmGhost.Attributes.csproj", "{118BF911-0F7A-CBAA-5836-E3B997CE2EC6}"
EndProject
Project("{FAE04EC0-301F-11D3-BF4B-00C04F79EFBC}") = "XrmGhost.Attributes.Tests", "XrmGhost.Attributes.Tests\XrmGhost.Attributes.Tests.csproj", "{AFD79314-7A5C-4E38-BDBE-D155A598F44F}"
EndProject
Global
	GlobalSection(SolutionConfigurationPlatforms) = preSolution
		Debug|Any CPU = Debug|Any CPU
		Debug|x64 = Debug|x64
		Debug|x86 = Debug|x86
		Release|Any CPU = Release|Any CPU
		Release|x64 = Release|x64
		Release|x86 = Release|x86
	EndGlobalSection
	GlobalSection(ProjectConfigurationPlatforms) = postSolution
		{118BF911-0F7A-CBAA-5836-E3B997CE2EC6}.Debug|Any CPU.ActiveCfg = Debug|Any CPU
		{118BF911-0F7A-CBAA-5836-E3B997CE2EC6}.Debug|Any CPU.Build.0 = Debug|Any CPU
		{118BF911-0F7A-CBAA-5836-E3B997CE2EC6}.Debug|x64.ActiveCfg = Debug|Any CPU
		{118BF911-0F7A-CBAA-5836-E3B997CE2EC6}.Debug|x64.Build.0 = Debug|Any CPU
		{118BF911-0F7A-CBAA-5836-E3B997CE2EC6}.Debug|x86.ActiveCfg = Debug|Any CPU
		{118BF911-0F7A-CBAA-5836-E3B997CE2EC6}.Debug|x86.Build.0 = Debug|Any CPU
		{118BF911-0F7A-CBAA-5836-E3B997CE2EC6}.Release|Any CPU.ActiveCfg = Release|Any CPU
		{118BF911-0F7A-CBAA-5836-E3B997CE2EC6}.Release|Any CPU.Build.0 = Release|Any CPU
		{118BF911-0F7A-CBAA-5836-E3B997CE2EC6}.Release|x64.ActiveCfg = Release|Any CPU
		{118BF911-0F7A-CBAA-5836-E3B997CE2EC6}.Release|x64.Build.0 = Release|Any CPU
		{118BF911-0F7A-CBAA-5836-E3B997CE2EC6}.Release|x86.ActiveCfg = Release|Any CPU
		{118BF911-0F7A-CBAA-5836-E3B997CE2EC6}.Release|x86.Build.0 = Release|Any CPU
		{AFD79314-7A5C-4E38-BDBE-D155A598F44F}.Debug|Any CPU.ActiveCfg = Debug|Any CPU
		{AFD79314-7A5C-4E38-BDBE-D155A598F44F}.Debug|Any CPU.Build.0 = Debug|Any CPU
		{AFD79314-7A5C-4E38-BDBE-D155A598F44F}.Debug|x64.ActiveCfg = Debug|Any CPU
		{AFD79314-7A5C-4E38-BDBE-D155A598F44F}.Debug|x64.Build.0 = Debug|Any CPU
		{AFD79314-7A5C-4E38-BDBE-D155A598F44F}.Debug|x86.ActiveCfg = Debug|Any CPU
		{AFD79314-7A5C-4E38-BDBE-D155A598F44F}.Debug|x86.Build.0 = Debug|Any CPU
		{AFD79314-7A5C-4E38-BDBE-D155A598F44F}.Release|Any CPU.ActiveCfg = Release|Any CPU
		{AFD79314-7A5C-4E38-BDBE-D155A598F44F}.Release|Any CPU.Build.0 = Release|Any CPU
		{AFD79314-7A5C-4E38-BDBE-D155A598F44F}.Release|x64.ActiveCfg = Release|Any CPU
		{AFD79314-7A5C-4E38-BDBE-D155A598F44F}.Release|x64.Build.0 = Release|Any CPU
		{AFD79314-7A5C-4E38-BDBE-D155A598F44F}.Release|x86.ActiveCfg = Release|Any CPU
		{AFD79314-7A5C-4E38-BDBE-D155A598F44F}.Release|x86.Build.0 = Release|Any CPU
	EndGlobalSection
	GlobalSection(SolutionProperties) = preSolution
		HideSolutionNode = FALSE
	EndGlobalSection
	GlobalSection(ExtensibilityGlobals) = postSolution
		SolutionGuid = {39E1D393-6711-4C82-AF53-C36557C8DF61}
	EndGlobalSection
EndGlobal
